
Microsoft Visual Studio Solution File, Format Version 12.00
# Visual Studio Version 17
VisualStudioVersion = 17.14.36121.58
MinimumVisualStudioVersion = 10.0.40219.1
Project("{FAE04EC0-301F-11D3-BF4B-00C04F79EFBC}") = "DegeneralizeWork", "DegeneralizeWork.csproj", "{580A510B-8C19-4852-A52E-03A250A1633E}"
EndProject
Project("{911E67C6-3D85-4FCE-B560-20A9C3E3FF48}") = "RimWorldWin64", "..\..\..\..\RimWorldWin64.exe", "{FC92FA02-2B44-80C3-7C06-1E8B2AABB69A}"
	ProjectSection(DebuggerProjectSystem) = preProject
		PortSupplier = 00000000-0000-0000-0000-000000000000
		Executable = C:\Program Files (x86)\Games\Steam\steamapps\common\RimWorld\RimWorldWin64.exe
		RemoteMachine = $(computername)
		StartingDirectory = C:\Program Files (x86)\Games\Steam\steamapps\common\RimWorld
		Arguments = --doorstop-enabled true
		Environment = Default
		LaunchingEngine = 00000000-0000-0000-0000-000000000000
		UseLegacyDebugEngines = No
		LaunchSQLEngine = No
		AttachLaunchAction = No
		IORedirection = Auto
	EndProjectSection
EndProject
Global
	GlobalSection(SolutionConfigurationPlatforms) = preSolution
		Debug|Any CPU = Debug|Any CPU
		Debug|x64 = Debug|x64
		Release 1.1|Any CPU = Release 1.1|Any CPU
		Release 1.1|x64 = Release 1.1|x64
		Release 1.2|Any CPU = Release 1.2|Any CPU
		Release 1.2|x64 = Release 1.2|x64
		Release 1.3|Any CPU = Release 1.3|Any CPU
		Release 1.3|x64 = Release 1.3|x64
		Release 1.4|Any CPU = Release 1.4|Any CPU
		Release 1.4|x64 = Release 1.4|x64
		Release 1.5|Any CPU = Release 1.5|Any CPU
		Release 1.5|x64 = Release 1.5|x64
		Release Current|Any CPU = Release Current|Any CPU
		Release Current|x64 = Release Current|x64
		Release|Any CPU = Release|Any CPU
		Release|x64 = Release|x64
	EndGlobalSection
	GlobalSection(ProjectConfigurationPlatforms) = postSolution
		{580A510B-8C19-4852-A52E-03A250A1633E}.Debug|Any CPU.ActiveCfg = Debug|Any CPU
		{580A510B-8C19-4852-A52E-03A250A1633E}.Debug|Any CPU.Build.0 = Debug|Any CPU
		{580A510B-8C19-4852-A52E-03A250A1633E}.Debug|x64.ActiveCfg = Debug|Any CPU
		{580A510B-8C19-4852-A52E-03A250A1633E}.Debug|x64.Build.0 = Debug|Any CPU
		{580A510B-8C19-4852-A52E-03A250A1633E}.Release 1.1|Any CPU.ActiveCfg = Release 1.1|Any CPU
		{580A510B-8C19-4852-A52E-03A250A1633E}.Release 1.1|Any CPU.Build.0 = Release 1.1|Any CPU
		{580A510B-8C19-4852-A52E-03A250A1633E}.Release 1.1|x64.ActiveCfg = Release 1.1|Any CPU
		{580A510B-8C19-4852-A52E-03A250A1633E}.Release 1.1|x64.Build.0 = Release 1.1|Any CPU
		{580A510B-8C19-4852-A52E-03A250A1633E}.Release 1.2|Any CPU.ActiveCfg = Release 1.2|Any CPU
		{580A510B-8C19-4852-A52E-03A250A1633E}.Release 1.2|Any CPU.Build.0 = Release 1.2|Any CPU
		{580A510B-8C19-4852-A52E-03A250A1633E}.Release 1.2|x64.ActiveCfg = Release 1.2|Any CPU
		{580A510B-8C19-4852-A52E-03A250A1633E}.Release 1.2|x64.Build.0 = Release 1.2|Any CPU
		{580A510B-8C19-4852-A52E-03A250A1633E}.Release 1.3|Any CPU.ActiveCfg = Release 1.3|Any CPU
		{580A510B-8C19-4852-A52E-03A250A1633E}.Release 1.3|Any CPU.Build.0 = Release 1.3|Any CPU
		{580A510B-8C19-4852-A52E-03A250A1633E}.Release 1.3|x64.ActiveCfg = Release 1.3|Any CPU
		{580A510B-8C19-4852-A52E-03A250A1633E}.Release 1.3|x64.Build.0 = Release 1.3|Any CPU
		{580A510B-8C19-4852-A52E-03A250A1633E}.Release 1.4|Any CPU.ActiveCfg = Release 1.4|Any CPU
		{580A510B-8C19-4852-A52E-03A250A1633E}.Release 1.4|Any CPU.Build.0 = Release 1.4|Any CPU
		{580A510B-8C19-4852-A52E-03A250A1633E}.Release 1.4|x64.ActiveCfg = Release 1.4|Any CPU
		{580A510B-8C19-4852-A52E-03A250A1633E}.Release 1.4|x64.Build.0 = Release 1.4|Any CPU
		{580A510B-8C19-4852-A52E-03A250A1633E}.Release 1.5|Any CPU.ActiveCfg = Release 1.5|Any CPU
		{580A510B-8C19-4852-A52E-03A250A1633E}.Release 1.5|Any CPU.Build.0 = Release 1.5|Any CPU
		{580A510B-8C19-4852-A52E-03A250A1633E}.Release 1.5|x64.ActiveCfg = Release 1.5|Any CPU
		{580A510B-8C19-4852-A52E-03A250A1633E}.Release 1.5|x64.Build.0 = Release 1.5|Any CPU
		{580A510B-8C19-4852-A52E-03A250A1633E}.Release Current|Any CPU.ActiveCfg = Release Current|Any CPU
		{580A510B-8C19-4852-A52E-03A250A1633E}.Release Current|Any CPU.Build.0 = Release Current|Any CPU
		{580A510B-8C19-4852-A52E-03A250A1633E}.Release Current|x64.ActiveCfg = Release Current|Any CPU
		{580A510B-8C19-4852-A52E-03A250A1633E}.Release Current|x64.Build.0 = Release Current|Any CPU
		{580A510B-8C19-4852-A52E-03A250A1633E}.Release|Any CPU.ActiveCfg = Release Current|Any CPU
		{580A510B-8C19-4852-A52E-03A250A1633E}.Release|Any CPU.Build.0 = Release Current|Any CPU
		{580A510B-8C19-4852-A52E-03A250A1633E}.Release|x64.ActiveCfg = Release Current|Any CPU
		{580A510B-8C19-4852-A52E-03A250A1633E}.Release|x64.Build.0 = Release Current|Any CPU
		{FC92FA02-2B44-80C3-7C06-1E8B2AABB69A}.Debug|Any CPU.ActiveCfg = Release|x64
		{FC92FA02-2B44-80C3-7C06-1E8B2AABB69A}.Debug|x64.ActiveCfg = Release|x64
		{FC92FA02-2B44-80C3-7C06-1E8B2AABB69A}.Release 1.1|Any CPU.ActiveCfg = Release|x64
		{FC92FA02-2B44-80C3-7C06-1E8B2AABB69A}.Release 1.1|x64.ActiveCfg = Release|x64
		{FC92FA02-2B44-80C3-7C06-1E8B2AABB69A}.Release 1.2|Any CPU.ActiveCfg = Release|x64
		{FC92FA02-2B44-80C3-7C06-1E8B2AABB69A}.Release 1.2|x64.ActiveCfg = Release|x64
		{FC92FA02-2B44-80C3-7C06-1E8B2AABB69A}.Release 1.3|Any CPU.ActiveCfg = Release|x64
		{FC92FA02-2B44-80C3-7C06-1E8B2AABB69A}.Release 1.3|x64.ActiveCfg = Release|x64
		{FC92FA02-2B44-80C3-7C06-1E8B2AABB69A}.Release 1.4|Any CPU.ActiveCfg = Release|x64
		{FC92FA02-2B44-80C3-7C06-1E8B2AABB69A}.Release 1.4|x64.ActiveCfg = Release|x64
		{FC92FA02-2B44-80C3-7C06-1E8B2AABB69A}.Release 1.5|Any CPU.ActiveCfg = Release|x64
		{FC92FA02-2B44-80C3-7C06-1E8B2AABB69A}.Release 1.5|x64.ActiveCfg = Release|x64
		{FC92FA02-2B44-80C3-7C06-1E8B2AABB69A}.Release Current|Any CPU.ActiveCfg = Release|x64
		{FC92FA02-2B44-80C3-7C06-1E8B2AABB69A}.Release Current|x64.ActiveCfg = Release|x64
		{FC92FA02-2B44-80C3-7C06-1E8B2AABB69A}.Release|Any CPU.ActiveCfg = Release|x64
		{FC92FA02-2B44-80C3-7C06-1E8B2AABB69A}.Release|x64.ActiveCfg = Release|x64
	EndGlobalSection
	GlobalSection(SolutionProperties) = preSolution
		HideSolutionNode = FALSE
	EndGlobalSection
	GlobalSection(ExtensibilityGlobals) = postSolution
		SolutionGuid = {F845DB12-E0DE-4058-AF64-042D7469A4EC}
	EndGlobalSection
EndGlobal
